
Microsoft Visual Studio Solution File, Format Version 12.00
# Visual Studio 14
VisualStudioVersion = 14.0.25420.1
MinimumVisualStudioVersion = 10.0.40219.1
Project("{930C7802-8A8C-48F9-8165-68863BCCD9DD}") = "SetupProject", "SetupProject\SetupProject.wixproj", "{4A143EFE-B332-4827-A4C8-49C4D3CC4C41}"
	ProjectSection(ProjectDependencies) = postProject
		{283BF1C6-2F2B-4BB1-9E86-039DF2CFB241} = {283BF1C6-2F2B-4BB1-9E86-039DF2CFB241}
	EndProjectSection
EndProject
Project("{FAE04EC0-301F-11D3-BF4B-00C04F79EFBC}") = "CustomAction", "CustomAction\CustomAction.csproj", "{283BF1C6-2F2B-4BB1-9E86-039DF2CFB241}"
EndProject
Global
	GlobalSection(SolutionConfigurationPlatforms) = preSolution
		Debug|Any CPU = Debug|Any CPU
		Debug|x64 = Debug|x64
		Debug|x86 = Debug|x86
		Release|Any CPU = Release|Any CPU
		Release|x64 = Release|x64
		Release|x86 = Release|x86
	EndGlobalSection
	GlobalSection(ProjectConfigurationPlatforms) = postSolution
		{4A143EFE-B332-4827-A4C8-49C4D3CC4C41}.Debug|Any CPU.ActiveCfg = Debug|x86
		{4A143EFE-B332-4827-A4C8-49C4D3CC4C41}.Debug|x64.ActiveCfg = Debug|x86
		{4A143EFE-B332-4827-A4C8-49C4D3CC4C41}.Debug|x86.ActiveCfg = Debug|x86
		{4A143EFE-B332-4827-A4C8-49C4D3CC4C41}.Debug|x86.Build.0 = Debug|x86
		{4A143EFE-B332-4827-A4C8-49C4D3CC4C41}.Release|Any CPU.ActiveCfg = Release|x64
		{4A143EFE-B332-4827-A4C8-49C4D3CC4C41}.Release|Any CPU.Build.0 = Release|x64
		{4A143EFE-B332-4827-A4C8-49C4D3CC4C41}.Release|x64.ActiveCfg = Release|x64
		{4A143EFE-B332-4827-A4C8-49C4D3CC4C41}.Release|x86.ActiveCfg = Release|x86
		{4A143EFE-B332-4827-A4C8-49C4D3CC4C41}.Release|x86.Build.0 = Release|x86
		{283BF1C6-2F2B-4BB1-9E86-039DF2CFB241}.Debug|Any CPU.ActiveCfg = Debug|Any CPU
		{283BF1C6-2F2B-4BB1-9E86-039DF2CFB241}.Debug|Any CPU.Build.0 = Debug|Any CPU
		{283BF1C6-2F2B-4BB1-9E86-039DF2CFB241}.Debug|x64.ActiveCfg = Debug|x64
		{283BF1C6-2F2B-4BB1-9E86-039DF2CFB241}.Debug|x64.Build.0 = Debug|x64
		{283BF1C6-2F2B-4BB1-9E86-039DF2CFB241}.Debug|x86.ActiveCfg = Debug|x86
		{283BF1C6-2F2B-4BB1-9E86-039DF2CFB241}.Debug|x86.Build.0 = Debug|x86
		{283BF1C6-2F2B-4BB1-9E86-039DF2CFB241}.Release|Any CPU.ActiveCfg = Release|Any CPU
		{283BF1C6-2F2B-4BB1-9E86-039DF2CFB241}.Release|Any CPU.Build.0 = Release|Any CPU
		{283BF1C6-2F2B-4BB1-9E86-039DF2CFB241}.Release|x64.ActiveCfg = Release|x64
		{283BF1C6-2F2B-4BB1-9E86-039DF2CFB241}.Release|x64.Build.0 = Release|x64
		{283BF1C6-2F2B-4BB1-9E86-039DF2CFB241}.Release|x86.ActiveCfg = Release|x86
		{283BF1C6-2F2B-4BB1-9E86-039DF2CFB241}.Release|x86.Build.0 = Release|x86
	EndGlobalSection
	GlobalSection(SolutionProperties) = preSolution
		HideSolutionNode = FALSE
	EndGlobalSection
EndGlobal
